
Microsoft Visual Studio Solution File, Format Version 12.00
# Visual Studio Version 17
VisualStudioVersion = 17.4.33205.214
MinimumVisualStudioVersion = 10.0.40219.1
Project("{FAE04EC0-301F-11D3-BF4B-00C04F79EFBC}") = "ConsoleApp32", "ConsoleApp32\ConsoleApp32.csproj", "{7D54F76F-00B8-405A-8C70-90C2D811BBE5}"
EndProject
Global
	GlobalSection(SolutionConfigurationPlatforms) = preSolution
		Debug|Any CPU = Debug|Any CPU
		Release|Any CPU = Release|Any CPU
	EndGlobalSection
	GlobalSection(ProjectConfigurationPlatforms) = postSolution
		{7D54F76F-00B8-405A-8C70-90C2D811BBE5}.Debug|Any CPU.ActiveCfg = Debug|Any CPU
		{7D54F76F-00B8-405A-8C70-90C2D811BBE5}.Debug|Any CPU.Build.0 = Debug|Any CPU
		{7D54F76F-00B8-405A-8C70-90C2D811BBE5}.Release|Any CPU.ActiveCfg = Release|Any CPU
		{7D54F76F-00B8-405A-8C70-90C2D811BBE5}.Release|Any CPU.Build.0 = Release|Any CPU
	EndGlobalSection
	GlobalSection(SolutionProperties) = preSolution
		HideSolutionNode = FALSE
	EndGlobalSection
	GlobalSection(ExtensibilityGlobals) = postSolution
		SolutionGuid = {DC4B94D1-6EF4-4A5D-9B86-E45851772C68}
	EndGlobalSection
EndGlobal
